# This file was autogenerated by Stack.
# You should not edit this file by hand.
# For more information, please see the documentation at:
#   https://docs.haskellstack.org/en/stable/topics/lock_files

packages:
- completed:
    hackage: MonadRandom-0.6.2@sha256:a5f8a837e993c008dbcdb61a92a8dbfbbb1231c7fe41439e5ecccd1e9114d8d1,1481
    pantry-tree:
      sha256: ccc961213ddc5d940014316228c4f91035f515173c198ff22d01d73ac41ad28d
      size: 709
  original:
    hackage: MonadRandom-0.6.2
snapshots:
- completed:
    sha256: db422bffc7b66cea3ad1dfa71440d1209e37b6233c4080eb2ea1fb9b91eacde5
    size: 726109
    url: https://raw.githubusercontent.com/commercialhaskell/stackage-snapshots/master/lts/24/17.yaml
  original:
    url: https://raw.githubusercontent.com/commercialhaskell/stackage-snapshots/master/lts/24/17.yaml
