# This file was autogenerated by Stack.
# You should not edit this file by hand.
# For more information, please see the documentation at:
#   https://docs.haskellstack.org/en/stable/topics/lock_files

packages:
- completed:
    hackage: pure-noise-0.2.0.0@sha256:98c8859219dfd53e42efcbba0613822385d482cc77c1a3ad2407844bce2ae43f,3324
    pantry-tree:
      sha256: 53f7ffb8d0b7b0c46df5d721ac8c5b0ac77e1e7fc0ab70f2acfa38c6d99d9374
      size: 1299
  original:
    hackage: pure-noise-0.2.0.0
snapshots:
- completed:
    sha256: db422bffc7b66cea3ad1dfa71440d1209e37b6233c4080eb2ea1fb9b91eacde5
    size: 726109
    url: https://raw.githubusercontent.com/commercialhaskell/stackage-snapshots/master/lts/24/17.yaml
  original:
    url: https://raw.githubusercontent.com/commercialhaskell/stackage-snapshots/master/lts/24/17.yaml
